
Microsoft Visual Studio Solution File, Format Version 12.00
# Visual Studio Version 16
VisualStudioVersion = 16.0.30413.136
MinimumVisualStudioVersion = 10.0.40219.1
Project("{FAE04EC0-301F-11D3-BF4B-00C04F79EFBC}") = "Elemendid.Android", "Elemendid\Elemendid.Android\Elemendid.Android.csproj", "{43AF64C7-3E1E-47DD-AEB4-6159FF7AC9D7}"
EndProject
Project("{FAE04EC0-301F-11D3-BF4B-00C04F79EFBC}") = "Elemendid", "Elemendid\Elemendid\Elemendid.csproj", "{6682BA72-FE56-4BF9-813B-1BB27E391182}"
EndProject
Global
	GlobalSection(SolutionConfigurationPlatforms) = preSolution
		Debug|Any CPU = Debug|Any CPU
		Release|Any CPU = Release|Any CPU
	EndGlobalSection
	GlobalSection(ProjectConfigurationPlatforms) = postSolution
		{43AF64C7-3E1E-47DD-AEB4-6159FF7AC9D7}.Debug|Any CPU.ActiveCfg = Debug|Any CPU
		{43AF64C7-3E1E-47DD-AEB4-6159FF7AC9D7}.Debug|Any CPU.Build.0 = Debug|Any CPU
		{43AF64C7-3E1E-47DD-AEB4-6159FF7AC9D7}.Debug|Any CPU.Deploy.0 = Debug|Any CPU
		{43AF64C7-3E1E-47DD-AEB4-6159FF7AC9D7}.Release|Any CPU.ActiveCfg = Release|Any CPU
		{43AF64C7-3E1E-47DD-AEB4-6159FF7AC9D7}.Release|Any CPU.Build.0 = Release|Any CPU
		{43AF64C7-3E1E-47DD-AEB4-6159FF7AC9D7}.Release|Any CPU.Deploy.0 = Release|Any CPU
		{6682BA72-FE56-4BF9-813B-1BB27E391182}.Debug|Any CPU.ActiveCfg = Debug|Any CPU
		{6682BA72-FE56-4BF9-813B-1BB27E391182}.Debug|Any CPU.Build.0 = Debug|Any CPU
		{6682BA72-FE56-4BF9-813B-1BB27E391182}.Debug|Any CPU.Deploy.0 = Debug|Any CPU
		{6682BA72-FE56-4BF9-813B-1BB27E391182}.Release|Any CPU.ActiveCfg = Release|Any CPU
		{6682BA72-FE56-4BF9-813B-1BB27E391182}.Release|Any CPU.Build.0 = Release|Any CPU
		{6682BA72-FE56-4BF9-813B-1BB27E391182}.Release|Any CPU.Deploy.0 = Release|Any CPU
	EndGlobalSection
	GlobalSection(SolutionProperties) = preSolution
		HideSolutionNode = FALSE
	EndGlobalSection
	GlobalSection(ExtensibilityGlobals) = postSolution
		SolutionGuid = {E1A14E0C-C2A0-40C0-9F10-A3F0EA44EF12}
	EndGlobalSection
EndGlobal
